
Microsoft Visual Studio Solution File, Format Version 12.00
# Visual Studio 2013
VisualStudioVersion = 12.0.40629.0
MinimumVisualStudioVersion = 10.0.40219.1
Project("{FAE04EC0-301F-11D3-BF4B-00C04F79EFBC}") = "LoginUsingAbstraction", "LoginUsingAbstraction\LoginUsingAbstraction.csproj", "{15FDD1CD-D0F0-4D50-874E-ED802933A7EE}"
EndProject
Project("{FAE04EC0-301F-11D3-BF4B-00C04F79EFBC}") = "LoginClassLibrary", "LoginClassLibrary\LoginClassLibrary.csproj", "{9500B413-0882-4C5D-875C-286FA86A38D1}"
EndProject
Global
	GlobalSection(SolutionConfigurationPlatforms) = preSolution
		Debug|Any CPU = Debug|Any CPU
		Release|Any CPU = Release|Any CPU
	EndGlobalSection
	GlobalSection(ProjectConfigurationPlatforms) = postSolution
		{15FDD1CD-D0F0-4D50-874E-ED802933A7EE}.Debug|Any CPU.ActiveCfg = Debug|Any CPU
		{15FDD1CD-D0F0-4D50-874E-ED802933A7EE}.Debug|Any CPU.Build.0 = Debug|Any CPU
		{15FDD1CD-D0F0-4D50-874E-ED802933A7EE}.Release|Any CPU.ActiveCfg = Release|Any CPU
		{15FDD1CD-D0F0-4D50-874E-ED802933A7EE}.Release|Any CPU.Build.0 = Release|Any CPU
		{9500B413-0882-4C5D-875C-286FA86A38D1}.Debug|Any CPU.ActiveCfg = Debug|Any CPU
		{9500B413-0882-4C5D-875C-286FA86A38D1}.Debug|Any CPU.Build.0 = Debug|Any CPU
		{9500B413-0882-4C5D-875C-286FA86A38D1}.Release|Any CPU.ActiveCfg = Release|Any CPU
		{9500B413-0882-4C5D-875C-286FA86A38D1}.Release|Any CPU.Build.0 = Release|Any CPU
	EndGlobalSection
	GlobalSection(SolutionProperties) = preSolution
		HideSolutionNode = FALSE
	EndGlobalSection
EndGlobal
